<?xml version="1.0" encoding="utf-8"?>
<Project ToolsVersion="4.0" xmlns="http://schemas.microsoft.com/developer/msbuild/2003">
  <ItemGroup>
    <Filter Include="Source Files">
      <UniqueIdentifier>{4FC737F1-C7A5-4376-A066-2A32D752A2FF}</UniqueIdentifier>
      <Extensions>cpp;c;cc;cxx;def;odl;idl;hpj;bat;asm;asmx</Extensions>
    </Filter>
    <Filter Include="Header Files">
      <UniqueIdentifier>{93995380-89BD-4b04-88EB-625FBE52EBFB}</UniqueIdentifier>
      <Extensions>h;hh;hpp;hxx;hm;inl;inc;xsd</Extensions>
    </Filter>
    <Filter Include="Resource Files">
      <UniqueIdentifier>{67DA6AB6-F800-4c08-8B7A-83BB121AAD01}</UniqueIdentifier>
      <Extensions>rc;ico;cur;bmp;dlg;rc2;rct;bin;rgs;gif;jpg;jpeg;jpe;resx;tiff;tif;png;wav</Extensions>
    </Filter>
  </ItemGroup>
  <ItemGroup>
    <ClCompile Include="P2\lex.c">
      <Filter>Source Files</Filter>
    </ClCompile>
    <ClCompile Include="P2\main.c">
      <Filter>Source Files</Filter>
    </ClCompile>
    <ClCompile Include="P2\rex.c">
      <Filter>Source Files</Filter>
    </ClCompile>
    <ClCompile Include="P2\tok.c">
      <Filter>Source Files</Filter>
    </ClCompile>
    <ClCompile Include="P2\toks.c">
      <Filter>Source Files</Filter>
    </ClCompile>
    <ClCompile Include="P2\ut.c">
      <Filter>Source Files</Filter>
    </ClCompile>
  </ItemGroup>
  <ItemGroup>
    <ClInclude Include="P2\lex.h">
      <Filter>Header Files</Filter>
    </ClInclude>
    <ClInclude Include="P2\main.h">
      <Filter>Header Files</Filter>
    </ClInclude>
    <ClInclude Include="P2\rex.h">
      <Filter>Header Files</Filter>
    </ClInclude>
    <ClInclude Include="P2\tok.h">
      <Filter>Header Files</Filter>
    </ClInclude>
    <ClInclude Include="P2\toks.h">
      <Filter>Header Files</Filter>
    </ClInclude>
    <ClInclude Include="P2\ut.h">
      <Filter>Header Files</Filter>
    </ClInclude>
  </ItemGroup>
  <ItemGroup>
    <None Include="P2\testing.sh" />
    <None Include="P2\UseBeforeDef.subc" />
    <None Include="Tests\UseBeforeDef.subc" />
    <None Include="Tests\test99.subc" />
    <None Include="Tests\test14.subc" />
    <None Include="Tests\test15.subc" />
    <None Include="Tests\test13.subc" />
    <None Include="Tests\test12.subc" />
    <None Include="Tests\test11.subc" />
    <None Include="Tests\test10.subc" />
    <None Include="Tests\test08.subc" />
    <None Include="Tests\test09.subc" />
    <None Include="Tests\test07.subc" />
    <None Include="Tests\test06.subc" />
    <None Include="Tests\test05.subc" />
    <None Include="Tests\test04.subc" />
    <None Include="Tests\test03.subc" />
    <None Include="Tests\test02.subc" />
    <None Include="Tests\test01.subc" />
  </ItemGroup>
</Project>